// !$*UTF8*$!
{
	archiveVersion = 1;
	classes = {
	};
	objectVersion = 55;
	objects = {

/* Begin PBXBuildFile section */
		FAB8D847273150A000FE4280 /* AppDelegate.swift in Sources */ = {isa = PBXBuildFile; fileRef = FAB8D846273150A000FE4280 /* AppDelegate.swift */; };
		FAB8D84B273150A000FE4280 /* HomeViewController.swift in Sources */ = {isa = PBXBuildFile; fileRef = FAB8D84A273150A000FE4280 /* HomeViewController.swift */; };
		FAB8D850273150A900FE4280 /* Assets.xcassets in Resources */ = {isa = PBXBuildFile; fileRef = FAB8D84F273150A900FE4280 /* Assets.xcassets */; };
		FAB8D853273150A900FE4280 /* LaunchScreen.storyboard in Resources */ = {isa = PBXBuildFile; fileRef = FAB8D851273150A900FE4280 /* LaunchScreen.storyboard */; };
		FAB8D85C2731561F00FE4280 /* StoreKit.framework in Frameworks */ = {isa = PBXBuildFile; fileRef = FAB8D85B2731561F00FE4280 /* StoreKit.framework */; };
		FAB8D8632731591600FE4280 /* ProfileViewController.swift in Sources */ = {isa = PBXBuildFile; fileRef = FAB8D8622731591600FE4280 /* ProfileViewController.swift */; };
		FAB8D8652731599100FE4280 /* TabBarController.swift in Sources */ = {isa = PBXBuildFile; fileRef = FAB8D8642731599100FE4280 /* TabBarController.swift */; };
		FAB8D86727315ABA00FE4280 /* SignInViewController.swift in Sources */ = {isa = PBXBuildFile; fileRef = FAB8D86627315ABA00FE4280 /* SignInViewController.swift */; };
		FAB8D86927315AE200FE4280 /* RegisterViewController.swift in Sources */ = {isa = PBXBuildFile; fileRef = FAB8D86827315AE200FE4280 /* RegisterViewController.swift */; };
		FAB8D86B27315B0400FE4280 /* ViewPostViewController.swift in Sources */ = {isa = PBXBuildFile; fileRef = FAB8D86A27315B0400FE4280 /* ViewPostViewController.swift */; };
		FAB8D86D27315B3000FE4280 /* CreatePostViewController.swift in Sources */ = {isa = PBXBuildFile; fileRef = FAB8D86C27315B3000FE4280 /* CreatePostViewController.swift */; };
		FAB8D87127315C1400FE4280 /* PurchaseManager.swift in Sources */ = {isa = PBXBuildFile; fileRef = FAB8D87027315C1400FE4280 /* PurchaseManager.swift */; };
		FAB8D87327315C3F00FE4280 /* DatabaseManager.swift in Sources */ = {isa = PBXBuildFile; fileRef = FAB8D87227315C3F00FE4280 /* DatabaseManager.swift */; };
		FAB8D87527315C7900FE4280 /* AuthManager.swift in Sources */ = {isa = PBXBuildFile; fileRef = FAB8D87427315C7900FE4280 /* AuthManager.swift */; };
		FAB8D87727315C9800FE4280 /* StorageManager.swift in Sources */ = {isa = PBXBuildFile; fileRef = FAB8D87627315C9800FE4280 /* StorageManager.swift */; };
		FDD87E682C64A2F68676E7FA /* Pods_Thoughts.framework in Frameworks */ = {isa = PBXBuildFile; fileRef = 26CD75F948383DCB45327AFF /* Pods_Thoughts.framework */; };
/* End PBXBuildFile section */

/* Begin PBXFileReference section */
		111254DAFAD11FF475A19C96 /* Pods-Thoughts.debug.xcconfig */ = {isa = PBXFileReference; includeInIndex = 1; lastKnownFileType = text.xcconfig; name = "Pods-Thoughts.debug.xcconfig"; path = "Target Support Files/Pods-Thoughts/Pods-Thoughts.debug.xcconfig"; sourceTree = "<group>"; };
		26CD75F948383DCB45327AFF /* Pods_Thoughts.framework */ = {isa = PBXFileReference; explicitFileType = wrapper.framework; includeInIndex = 0; path = Pods_Thoughts.framework; sourceTree = BUILT_PRODUCTS_DIR; };
		DE63FB89D4AEF6334835680E /* Pods-Thoughts.release.xcconfig */ = {isa = PBXFileReference; includeInIndex = 1; lastKnownFileType = text.xcconfig; name = "Pods-Thoughts.release.xcconfig"; path = "Target Support Files/Pods-Thoughts/Pods-Thoughts.release.xcconfig"; sourceTree = "<group>"; };
		FAB8D843273150A000FE4280 /* Thoughts.app */ = {isa = PBXFileReference; explicitFileType = wrapper.application; includeInIndex = 0; path = Thoughts.app; sourceTree = BUILT_PRODUCTS_DIR; };
		FAB8D846273150A000FE4280 /* AppDelegate.swift */ = {isa = PBXFileReference; lastKnownFileType = sourcecode.swift; path = AppDelegate.swift; sourceTree = "<group>"; };
		FAB8D84A273150A000FE4280 /* HomeViewController.swift */ = {isa = PBXFileReference; lastKnownFileType = sourcecode.swift; path = HomeViewController.swift; sourceTree = "<group>"; };
		FAB8D84F273150A900FE4280 /* Assets.xcassets */ = {isa = PBXFileReference; lastKnownFileType = folder.assetcatalog; path = Assets.xcassets; sourceTree = "<group>"; };
		FAB8D852273150A900FE4280 /* Base */ = {isa = PBXFileReference; lastKnownFileType = file.storyboard; name = Base; path = Base.lproj/LaunchScreen.storyboard; sourceTree = "<group>"; };
		FAB8D854273150A900FE4280 /* Info.plist */ = {isa = PBXFileReference; lastKnownFileType = text.plist.xml; path = Info.plist; sourceTree = "<group>"; };
		FAB8D85B2731561F00FE4280 /* StoreKit.framework */ = {isa = PBXFileReference; lastKnownFileType = wrapper.framework; name = StoreKit.framework; path = System/Library/Frameworks/StoreKit.framework; sourceTree = SDKROOT; };
		FAB8D8622731591600FE4280 /* ProfileViewController.swift */ = {isa = PBXFileReference; lastKnownFileType = sourcecode.swift; path = ProfileViewController.swift; sourceTree = "<group>"; };
		FAB8D8642731599100FE4280 /* TabBarController.swift */ = {isa = PBXFileReference; lastKnownFileType = sourcecode.swift; path = TabBarController.swift; sourceTree = "<group>"; };
		FAB8D86627315ABA00FE4280 /* SignInViewController.swift */ = {isa = PBXFileReference; lastKnownFileType = sourcecode.swift; path = SignInViewController.swift; sourceTree = "<group>"; };
		FAB8D86827315AE200FE4280 /* RegisterViewController.swift */ = {isa = PBXFileReference; lastKnownFileType = sourcecode.swift; path = RegisterViewController.swift; sourceTree = "<group>"; };
		FAB8D86A27315B0400FE4280 /* ViewPostViewController.swift */ = {isa = PBXFileReference; lastKnownFileType = sourcecode.swift; path = ViewPostViewController.swift; sourceTree = "<group>"; };
		FAB8D86C27315B3000FE4280 /* CreatePostViewController.swift */ = {isa = PBXFileReference; lastKnownFileType = sourcecode.swift; path = CreatePostViewController.swift; sourceTree = "<group>"; };
		FAB8D87027315C1400FE4280 /* PurchaseManager.swift */ = {isa = PBXFileReference; lastKnownFileType = sourcecode.swift; path = PurchaseManager.swift; sourceTree = "<group>"; };
		FAB8D87227315C3F00FE4280 /* DatabaseManager.swift */ = {isa = PBXFileReference; lastKnownFileType = sourcecode.swift; path = DatabaseManager.swift; sourceTree = "<group>"; };
		FAB8D87427315C7900FE4280 /* AuthManager.swift */ = {isa = PBXFileReference; lastKnownFileType = sourcecode.swift; path = AuthManager.swift; sourceTree = "<group>"; };
		FAB8D87627315C9800FE4280 /* StorageManager.swift */ = {isa = PBXFileReference; lastKnownFileType = sourcecode.swift; path = StorageManager.swift; sourceTree = "<group>"; };
/* End PBXFileReference section */

/* Begin PBXFrameworksBuildPhase section */
		FAB8D840273150A000FE4280 /* Frameworks */ = {
			isa = PBXFrameworksBuildPhase;
			buildActionMask = 2147483647;
			files = (
				FAB8D85C2731561F00FE4280 /* StoreKit.framework in Frameworks */,
				FDD87E682C64A2F68676E7FA /* Pods_Thoughts.framework in Frameworks */,
			);
			runOnlyForDeploymentPostprocessing = 0;
		};
/* End PBXFrameworksBuildPhase section */

/* Begin PBXGroup section */
		5083EF60E2308FC079031F08 /* Pods */ = {
			isa = PBXGroup;
			children = (
				111254DAFAD11FF475A19C96 /* Pods-Thoughts.debug.xcconfig */,
				DE63FB89D4AEF6334835680E /* Pods-Thoughts.release.xcconfig */,
			);
			name = Pods;
			path = Pods;
			sourceTree = "<group>";
		};
		FAB8D83A273150A000FE4280 = {
			isa = PBXGroup;
			children = (
				FAB8D845273150A000FE4280 /* Thoughts */,
				FAB8D844273150A000FE4280 /* Products */,
				FAB8D85A2731561F00FE4280 /* Frameworks */,
				5083EF60E2308FC079031F08 /* Pods */,
			);
			sourceTree = "<group>";
		};
		FAB8D844273150A000FE4280 /* Products */ = {
			isa = PBXGroup;
			children = (
				FAB8D843273150A000FE4280 /* Thoughts.app */,
			);
			name = Products;
			sourceTree = "<group>";
		};
		FAB8D845273150A000FE4280 /* Thoughts */ = {
			isa = PBXGroup;
			children = (
				FAB8D846273150A000FE4280 /* AppDelegate.swift */,
				FAB8D85E2731578300FE4280 /* Managers */,
				FAB8D85F2731578B00FE4280 /* Models */,
				FAB8D8612731579F00FE4280 /* Views */,
				FAB8D8602731579200FE4280 /* Controllers */,
				FAB8D85D2731577100FE4280 /* Resources */,
				FAB8D851273150A900FE4280 /* LaunchScreen.storyboard */,
				FAB8D854273150A900FE4280 /* Info.plist */,
			);
			path = Thoughts;
			sourceTree = "<group>";
		};
		FAB8D85A2731561F00FE4280 /* Frameworks */ = {
			isa = PBXGroup;
			children = (
				FAB8D85B2731561F00FE4280 /* StoreKit.framework */,
				26CD75F948383DCB45327AFF /* Pods_Thoughts.framework */,
			);
			name = Frameworks;
			sourceTree = "<group>";
		};
		FAB8D85D2731577100FE4280 /* Resources */ = {
			isa = PBXGroup;
			children = (
				FAB8D84F273150A900FE4280 /* Assets.xcassets */,
			);
			path = Resources;
			sourceTree = "<group>";
		};
		FAB8D85E2731578300FE4280 /* Managers */ = {
			isa = PBXGroup;
			children = (
				FAB8D87027315C1400FE4280 /* PurchaseManager.swift */,
				FAB8D87227315C3F00FE4280 /* DatabaseManager.swift */,
				FAB8D87427315C7900FE4280 /* AuthManager.swift */,
				FAB8D87627315C9800FE4280 /* StorageManager.swift */,
			);
			path = Managers;
			sourceTree = "<group>";
		};
		FAB8D85F2731578B00FE4280 /* Models */ = {
			isa = PBXGroup;
			children = (
			);
			path = Models;
			sourceTree = "<group>";
		};
		FAB8D8602731579200FE4280 /* Controllers */ = {
			isa = PBXGroup;
			children = (
				FAB8D86F27315BB100FE4280 /* Auth */,
				FAB8D86E27315B9D00FE4280 /* CoreTabs */,
				FAB8D86A27315B0400FE4280 /* ViewPostViewController.swift */,
				FAB8D86C27315B3000FE4280 /* CreatePostViewController.swift */,
			);
			path = Controllers;
			sourceTree = "<group>";
		};
		FAB8D8612731579F00FE4280 /* Views */ = {
			isa = PBXGroup;
			children = (
			);
			path = Views;
			sourceTree = "<group>";
		};
		FAB8D86E27315B9D00FE4280 /* CoreTabs */ = {
			isa = PBXGroup;
			children = (
				FAB8D84A273150A000FE4280 /* HomeViewController.swift */,
				FAB8D8622731591600FE4280 /* ProfileViewController.swift */,
				FAB8D8642731599100FE4280 /* TabBarController.swift */,
			);
			path = CoreTabs;
			sourceTree = "<group>";
		};
		FAB8D86F27315BB100FE4280 /* Auth */ = {
			isa = PBXGroup;
			children = (
				FAB8D86627315ABA00FE4280 /* SignInViewController.swift */,
				FAB8D86827315AE200FE4280 /* RegisterViewController.swift */,
			);
			path = Auth;
			sourceTree = "<group>";
		};
/* End PBXGroup section */

/* Begin PBXNativeTarget section */
		FAB8D842273150A000FE4280 /* Thoughts */ = {
			isa = PBXNativeTarget;
			buildConfigurationList = FAB8D857273150A900FE4280 /* Build configuration list for PBXNativeTarget "Thoughts" */;
			buildPhases = (
				EE2EDC8977F9EDA37565C127 /* [CP] Check Pods Manifest.lock */,
				FAB8D83F273150A000FE4280 /* Sources */,
				FAB8D840273150A000FE4280 /* Frameworks */,
				FAB8D841273150A000FE4280 /* Resources */,
				0DF7002598B7B1F41D564155 /* [CP] Embed Pods Frameworks */,
			);
			buildRules = (
			);
			dependencies = (
			);
			name = Thoughts;
			productName = Thoughts;
			productReference = FAB8D843273150A000FE4280 /* Thoughts.app */;
			productType = "com.apple.product-type.application";
		};
/* End PBXNativeTarget section */

/* Begin PBXProject section */
		FAB8D83B273150A000FE4280 /* Project object */ = {
			isa = PBXProject;
			attributes = {
				BuildIndependentTargetsInParallel = 1;
				LastSwiftUpdateCheck = 1300;
				LastUpgradeCheck = 1300;
				TargetAttributes = {
					FAB8D842273150A000FE4280 = {
						CreatedOnToolsVersion = 13.0;
					};
				};
			};
			buildConfigurationList = FAB8D83E273150A000FE4280 /* Build configuration list for PBXProject "Thoughts" */;
			compatibilityVersion = "Xcode 13.0";
			developmentRegion = en;
			hasScannedForEncodings = 0;
			knownRegions = (
				en,
				Base,
			);
			mainGroup = FAB8D83A273150A000FE4280;
			productRefGroup = FAB8D844273150A000FE4280 /* Products */;
			projectDirPath = "";
			projectRoot = "";
			targets = (
				FAB8D842273150A000FE4280 /* Thoughts */,
			);
		};
/* End PBXProject section */

/* Begin PBXResourcesBuildPhase section */
		FAB8D841273150A000FE4280 /* Resources */ = {
			isa = PBXResourcesBuildPhase;
			buildActionMask = 2147483647;
			files = (
				FAB8D853273150A900FE4280 /* LaunchScreen.storyboard in Resources */,
				FAB8D850273150A900FE4280 /* Assets.xcassets in Resources */,
			);
			runOnlyForDeploymentPostprocessing = 0;
		};
/* End PBXResourcesBuildPhase section */

/* Begin PBXShellScriptBuildPhase section */
		0DF7002598B7B1F41D564155 /* [CP] Embed Pods Frameworks */ = {
			isa = PBXShellScriptBuildPhase;
			buildActionMask = 2147483647;
			files = (
			);
			inputFileListPaths = (
				"${PODS_ROOT}/Target Support Files/Pods-Thoughts/Pods-Thoughts-frameworks-${CONFIGURATION}-input-files.xcfilelist",
			);
			name = "[CP] Embed Pods Frameworks";
			outputFileListPaths = (
				"${PODS_ROOT}/Target Support Files/Pods-Thoughts/Pods-Thoughts-frameworks-${CONFIGURATION}-output-files.xcfilelist",
			);
			runOnlyForDeploymentPostprocessing = 0;
			shellPath = /bin/sh;
			shellScript = "\"${PODS_ROOT}/Target Support Files/Pods-Thoughts/Pods-Thoughts-frameworks.sh\"\n";
			showEnvVarsInLog = 0;
		};
		EE2EDC8977F9EDA37565C127 /* [CP] Check Pods Manifest.lock */ = {
			isa = PBXShellScriptBuildPhase;
			buildActionMask = 2147483647;
			files = (
			);
			inputFileListPaths = (
			);
			inputPaths = (
				"${PODS_PODFILE_DIR_PATH}/Podfile.lock",
				"${PODS_ROOT}/Manifest.lock",
			);
			name = "[CP] Check Pods Manifest.lock";
			outputFileListPaths = (
			);
			outputPaths = (
				"$(DERIVED_FILE_DIR)/Pods-Thoughts-checkManifestLockResult.txt",
			);
			runOnlyForDeploymentPostprocessing = 0;
			shellPath = /bin/sh;
			shellScript = "diff \"${PODS_PODFILE_DIR_PATH}/Podfile.lock\" \"${PODS_ROOT}/Manifest.lock\" > /dev/null\nif [ $? != 0 ] ; then\n    # print error to STDERR\n    echo \"error: The sandbox is not in sync with the Podfile.lock. Run 'pod install' or update your CocoaPods installation.\" >&2\n    exit 1\nfi\n# This output is used by Xcode 'outputs' to avoid re-running this script phase.\necho \"SUCCESS\" > \"${SCRIPT_OUTPUT_FILE_0}\"\n";
			showEnvVarsInLog = 0;
		};
/* End PBXShellScriptBuildPhase section */

/* Begin PBXSourcesBuildPhase section */
		FAB8D83F273150A000FE4280 /* Sources */ = {
			isa = PBXSourcesBuildPhase;
			buildActionMask = 2147483647;
			files = (
				FAB8D8632731591600FE4280 /* ProfileViewController.swift in Sources */,
				FAB8D87127315C1400FE4280 /* PurchaseManager.swift in Sources */,
				FAB8D87327315C3F00FE4280 /* DatabaseManager.swift in Sources */,
				FAB8D87727315C9800FE4280 /* StorageManager.swift in Sources */,
				FAB8D8652731599100FE4280 /* TabBarController.swift in Sources */,
				FAB8D86D27315B3000FE4280 /* CreatePostViewController.swift in Sources */,
				FAB8D86B27315B0400FE4280 /* ViewPostViewController.swift in Sources */,
				FAB8D84B273150A000FE4280 /* HomeViewController.swift in Sources */,
				FAB8D86927315AE200FE4280 /* RegisterViewController.swift in Sources */,
				FAB8D87527315C7900FE4280 /* AuthManager.swift in Sources */,
				FAB8D86727315ABA00FE4280 /* SignInViewController.swift in Sources */,
				FAB8D847273150A000FE4280 /* AppDelegate.swift in Sources */,
			);
			runOnlyForDeploymentPostprocessing = 0;
		};
/* End PBXSourcesBuildPhase section */

/* Begin PBXVariantGroup section */
		FAB8D851273150A900FE4280 /* LaunchScreen.storyboard */ = {
			isa = PBXVariantGroup;
			children = (
				FAB8D852273150A900FE4280 /* Base */,
			);
			name = LaunchScreen.storyboard;
			sourceTree = "<group>";
		};
/* End PBXVariantGroup section */

/* Begin XCBuildConfiguration section */
		FAB8D855273150A900FE4280 /* Debug */ = {
			isa = XCBuildConfiguration;
			buildSettings = {
				ALWAYS_SEARCH_USER_PATHS = NO;
				CLANG_ANALYZER_NONNULL = YES;
				CLANG_ANALYZER_NUMBER_OBJECT_CONVERSION = YES_AGGRESSIVE;
				CLANG_CXX_LANGUAGE_STANDARD = "gnu++17";
				CLANG_CXX_LIBRARY = "libc++";
				CLANG_ENABLE_MODULES = YES;
				CLANG_ENABLE_OBJC_ARC = YES;
				CLANG_ENABLE_OBJC_WEAK = YES;
				CLANG_WARN_BLOCK_CAPTURE_AUTORELEASING = YES;
				CLANG_WARN_BOOL_CONVERSION = YES;
				CLANG_WARN_COMMA = YES;
				CLANG_WARN_CONSTANT_CONVERSION = YES;
				CLANG_WARN_DEPRECATED_OBJC_IMPLEMENTATIONS = YES;
				CLANG_WARN_DIRECT_OBJC_ISA_USAGE = YES_ERROR;
				CLANG_WARN_DOCUMENTATION_COMMENTS = YES;
				CLANG_WARN_EMPTY_BODY = YES;
				CLANG_WARN_ENUM_CONVERSION = YES;
				CLANG_WARN_INFINITE_RECURSION = YES;
				CLANG_WARN_INT_CONVERSION = YES;
				CLANG_WARN_NON_LITERAL_NULL_CONVERSION = YES;
				CLANG_WARN_OBJC_IMPLICIT_RETAIN_SELF = YES;
				CLANG_WARN_OBJC_LITERAL_CONVERSION = YES;
				CLANG_WARN_OBJC_ROOT_CLASS = YES_ERROR;
				CLANG_WARN_QUOTED_INCLUDE_IN_FRAMEWORK_HEADER = YES;
				CLANG_WARN_RANGE_LOOP_ANALYSIS = YES;
				CLANG_WARN_STRICT_PROTOTYPES = YES;
				CLANG_WARN_SUSPICIOUS_MOVE = YES;
				CLANG_WARN_UNGUARDED_AVAILABILITY = YES_AGGRESSIVE;
				CLANG_WARN_UNREACHABLE_CODE = YES;
				CLANG_WARN__DUPLICATE_METHOD_MATCH = YES;
				COPY_PHASE_STRIP = NO;
				DEBUG_INFORMATION_FORMAT = dwarf;
				ENABLE_STRICT_OBJC_MSGSEND = YES;
				ENABLE_TESTABILITY = YES;
				GCC_C_LANGUAGE_STANDARD = gnu11;
				GCC_DYNAMIC_NO_PIC = NO;
				GCC_NO_COMMON_BLOCKS = YES;
				GCC_OPTIMIZATION_LEVEL = 0;
				GCC_PREPROCESSOR_DEFINITIONS = (
					"DEBUG=1",
					"$(inherited)",
				);
				GCC_WARN_64_TO_32_BIT_CONVERSION = YES;
				GCC_WARN_ABOUT_RETURN_TYPE = YES_ERROR;
				GCC_WARN_UNDECLARED_SELECTOR = YES;
				GCC_WARN_UNINITIALIZED_AUTOS = YES_AGGRESSIVE;
				GCC_WARN_UNUSED_FUNCTION = YES;
				GCC_WARN_UNUSED_VARIABLE = YES;
				IPHONEOS_DEPLOYMENT_TARGET = 15.0;
				MTL_ENABLE_DEBUG_INFO = INCLUDE_SOURCE;
				MTL_FAST_MATH = YES;
				ONLY_ACTIVE_ARCH = YES;
				SDKROOT = iphoneos;
				SWIFT_ACTIVE_COMPILATION_CONDITIONS = DEBUG;
				SWIFT_OPTIMIZATION_LEVEL = "-Onone";
			};
			name = Debug;
		};
		FAB8D856273150A900FE4280 /* Release */ = {
			isa = XCBuildConfiguration;
			buildSettings = {
				ALWAYS_SEARCH_USER_PATHS = NO;
				CLANG_ANALYZER_NONNULL = YES;
				CLANG_ANALYZER_NUMBER_OBJECT_CONVERSION = YES_AGGRESSIVE;
				CLANG_CXX_LANGUAGE_STANDARD = "gnu++17";
				CLANG_CXX_LIBRARY = "libc++";
				CLANG_ENABLE_MODULES = YES;
				CLANG_ENABLE_OBJC_ARC = YES;
				CLANG_ENABLE_OBJC_WEAK = YES;
				CLANG_WARN_BLOCK_CAPTURE_AUTORELEASING = YES;
				CLANG_WARN_BOOL_CONVERSION = YES;
				CLANG_WARN_COMMA = YES;
				CLANG_WARN_CONSTANT_CONVERSION = YES;
				CLANG_WARN_DEPRECATED_OBJC_IMPLEMENTATIONS = YES;
				CLANG_WARN_DIRECT_OBJC_ISA_USAGE = YES_ERROR;
				CLANG_WARN_DOCUMENTATION_COMMENTS = YES;
				CLANG_WARN_EMPTY_BODY = YES;
				CLANG_WARN_ENUM_CONVERSION = YES;
				CLANG_WARN_INFINITE_RECURSION = YES;
				CLANG_WARN_INT_CONVERSION = YES;
				CLANG_WARN_NON_LITERAL_NULL_CONVERSION = YES;
				CLANG_WARN_OBJC_IMPLICIT_RETAIN_SELF = YES;
				CLANG_WARN_OBJC_LITERAL_CONVERSION = YES;
				CLANG_WARN_OBJC_ROOT_CLASS = YES_ERROR;
				CLANG_WARN_QUOTED_INCLUDE_IN_FRAMEWORK_HEADER = YES;
				CLANG_WARN_RANGE_LOOP_ANALYSIS = YES;
				CLANG_WARN_STRICT_PROTOTYPES = YES;
				CLANG_WARN_SUSPICIOUS_MOVE = YES;
				CLANG_WARN_UNGUARDED_AVAILABILITY = YES_AGGRESSIVE;
				CLANG_WARN_UNREACHABLE_CODE = YES;
				CLANG_WARN__DUPLICATE_METHOD_MATCH = YES;
				COPY_PHASE_STRIP = NO;
				DEBUG_INFORMATION_FORMAT = "dwarf-with-dsym";
				ENABLE_NS_ASSERTIONS = NO;
				ENABLE_STRICT_OBJC_MSGSEND = YES;
				GCC_C_LANGUAGE_STANDARD = gnu11;
				GCC_NO_COMMON_BLOCKS = YES;
				GCC_WARN_64_TO_32_BIT_CONVERSION = YES;
				GCC_WARN_ABOUT_RETURN_TYPE = YES_ERROR;
				GCC_WARN_UNDECLARED_SELECTOR = YES;
				GCC_WARN_UNINITIALIZED_AUTOS = YES_AGGRESSIVE;
				GCC_WARN_UNUSED_FUNCTION = YES;
				GCC_WARN_UNUSED_VARIABLE = YES;
				IPHONEOS_DEPLOYMENT_TARGET = 15.0;
				MTL_ENABLE_DEBUG_INFO = NO;
				MTL_FAST_MATH = YES;
				SDKROOT = iphoneos;
				SWIFT_COMPILATION_MODE = wholemodule;
				SWIFT_OPTIMIZATION_LEVEL = "-O";
				VALIDATE_PRODUCT = YES;
			};
			name = Release;
		};
		FAB8D858273150A900FE4280 /* Debug */ = {
			isa = XCBuildConfiguration;
			baseConfigurationReference = 111254DAFAD11FF475A19C96 /* Pods-Thoughts.debug.xcconfig */;
			buildSettings = {
				ASSETCATALOG_COMPILER_APPICON_NAME = AppIcon;
				ASSETCATALOG_COMPILER_GLOBAL_ACCENT_COLOR_NAME = AccentColor;
				CODE_SIGN_STYLE = Automatic;
				CURRENT_PROJECT_VERSION = 1;
				DEVELOPMENT_TEAM = 573CM7Y6R3;
				GENERATE_INFOPLIST_FILE = YES;
				INFOPLIST_FILE = Thoughts/Info.plist;
				INFOPLIST_KEY_UIApplicationSupportsIndirectInputEvents = YES;
				INFOPLIST_KEY_UILaunchStoryboardName = LaunchScreen;
				INFOPLIST_KEY_UISupportedInterfaceOrientations = UIInterfaceOrientationPortrait;
				INFOPLIST_KEY_UISupportedInterfaceOrientations_iPad = "UIInterfaceOrientationPortrait UIInterfaceOrientationPortraitUpsideDown UIInterfaceOrientationLandscapeLeft UIInterfaceOrientationLandscapeRight";
				INFOPLIST_KEY_UISupportedInterfaceOrientations_iPhone = "UIInterfaceOrientationPortrait UIInterfaceOrientationLandscapeLeft UIInterfaceOrientationLandscapeRight";
				IPHONEOS_DEPLOYMENT_TARGET = 13.0;
				LD_RUNPATH_SEARCH_PATHS = (
					"$(inherited)",
					"@executable_path/Frameworks",
				);
				MARKETING_VERSION = 1.0;
				PRODUCT_BUNDLE_IDENTIFIER = "com.Thoughts-1";
				PRODUCT_NAME = "$(TARGET_NAME)";
				SWIFT_EMIT_LOC_STRINGS = YES;
				SWIFT_VERSION = 5.0;
				TARGETED_DEVICE_FAMILY = 1;
			};
			name = Debug;
		};
		FAB8D859273150A900FE4280 /* Release */ = {
			isa = XCBuildConfiguration;
			baseConfigurationReference = DE63FB89D4AEF6334835680E /* Pods-Thoughts.release.xcconfig */;
			buildSettings = {
				ASSETCATALOG_COMPILER_APPICON_NAME = AppIcon;
				ASSETCATALOG_COMPILER_GLOBAL_ACCENT_COLOR_NAME = AccentColor;
				CODE_SIGN_STYLE = Automatic;
				CURRENT_PROJECT_VERSION = 1;
				DEVELOPMENT_TEAM = 573CM7Y6R3;
				GENERATE_INFOPLIST_FILE = YES;
				INFOPLIST_FILE = Thoughts/Info.plist;
				INFOPLIST_KEY_UIApplicationSupportsIndirectInputEvents = YES;
				INFOPLIST_KEY_UILaunchStoryboardName = LaunchScreen;
				INFOPLIST_KEY_UISupportedInterfaceOrientations = UIInterfaceOrientationPortrait;
				INFOPLIST_KEY_UISupportedInterfaceOrientations_iPad = "UIInterfaceOrientationPortrait UIInterfaceOrientationPortraitUpsideDown UIInterfaceOrientationLandscapeLeft UIInterfaceOrientationLandscapeRight";
				INFOPLIST_KEY_UISupportedInterfaceOrientations_iPhone = "UIInterfaceOrientationPortrait UIInterfaceOrientationLandscapeLeft UIInterfaceOrientationLandscapeRight";
				IPHONEOS_DEPLOYMENT_TARGET = 13.0;
				LD_RUNPATH_SEARCH_PATHS = (
					"$(inherited)",
					"@executable_path/Frameworks",
				);
				MARKETING_VERSION = 1.0;
				PRODUCT_BUNDLE_IDENTIFIER = "com.Thoughts-1";
				PRODUCT_NAME = "$(TARGET_NAME)";
				SWIFT_EMIT_LOC_STRINGS = YES;
				SWIFT_VERSION = 5.0;
				TARGETED_DEVICE_FAMILY = 1;
			};
			name = Release;
		};
/* End XCBuildConfiguration section */

/* Begin XCConfigurationList section */
		FAB8D83E273150A000FE4280 /* Build configuration list for PBXProject "Thoughts" */ = {
			isa = XCConfigurationList;
			buildConfigurations = (
				FAB8D855273150A900FE4280 /* Debug */,
				FAB8D856273150A900FE4280 /* Release */,
			);
			defaultConfigurationIsVisible = 0;
			defaultConfigurationName = Release;
		};
		FAB8D857273150A900FE4280 /* Build configuration list for PBXNativeTarget "Thoughts" */ = {
			isa = XCConfigurationList;
			buildConfigurations = (
				FAB8D858273150A900FE4280 /* Debug */,
				FAB8D859273150A900FE4280 /* Release */,
			);
			defaultConfigurationIsVisible = 0;
			defaultConfigurationName = Release;
		};
/* End XCConfigurationList section */
	};
	rootObject = FAB8D83B273150A000FE4280 /* Project object */;
}
